
Microsoft Visual Studio Solution File, Format Version 12.00
# Visual Studio Version 17
VisualStudioVersion = 17.8.34511.84
MinimumVisualStudioVersion = 10.0.40219.1
Project("{9A19103F-16F7-4668-BE54-9A1E7A4F7556}") = "TourAssist", "TourAssist.csproj", "{463F0194-7442-4151-8FF6-9F3C0211F569}"
EndProject
Project("{9A19103F-16F7-4668-BE54-9A1E7A4F7556}") = "Tests", "..\Tests\Tests.csproj", "{8DF25E95-576A-4BEE-BFEE-178132235A1B}"
EndProject
Global
	GlobalSection(SolutionConfigurationPlatforms) = preSolution
		Debug|Any CPU = Debug|Any CPU
		Release|Any CPU = Release|Any CPU
	EndGlobalSection
	GlobalSection(ProjectConfigurationPlatforms) = postSolution
		{463F0194-7442-4151-8FF6-9F3C0211F569}.Debug|Any CPU.ActiveCfg = Debug|Any CPU
		{463F0194-7442-4151-8FF6-9F3C0211F569}.Debug|Any CPU.Build.0 = Debug|Any CPU
		{463F0194-7442-4151-8FF6-9F3C0211F569}.Release|Any CPU.ActiveCfg = Release|Any CPU
		{463F0194-7442-4151-8FF6-9F3C0211F569}.Release|Any CPU.Build.0 = Release|Any CPU
		{8DF25E95-576A-4BEE-BFEE-178132235A1B}.Debug|Any CPU.ActiveCfg = Debug|Any CPU
		{8DF25E95-576A-4BEE-BFEE-178132235A1B}.Debug|Any CPU.Build.0 = Debug|Any CPU
		{8DF25E95-576A-4BEE-BFEE-178132235A1B}.Release|Any CPU.ActiveCfg = Release|Any CPU
		{8DF25E95-576A-4BEE-BFEE-178132235A1B}.Release|Any CPU.Build.0 = Release|Any CPU
	EndGlobalSection
	GlobalSection(SolutionProperties) = preSolution
		HideSolutionNode = FALSE
	EndGlobalSection
	GlobalSection(ExtensibilityGlobals) = postSolution
		SolutionGuid = {4E642B01-14F5-481D-907C-EDF9711DB067}
	EndGlobalSection
EndGlobal
