
Microsoft Visual Studio Solution File, Format Version 12.00
# Visual Studio Version 17
VisualStudioVersion = 17.8.34511.84
MinimumVisualStudioVersion = 10.0.40219.1
Project("{2150E333-8FDC-42A3-9474-1A3956D46DE8}") = "Themes", "Themes", "{8976E4A6-FF5F-44C5-AC57-FEDA249DD199}"
EndProject
Project("{9A19103F-16F7-4668-BE54-9A1E7A4F7556}") = "Xceed.Wpf.Toolkit.NET8", "Src\Xceed.Wpf.Toolkit\Xceed.Wpf.Toolkit.NET8.csproj", "{F02B5FBB-B87E-40A1-B5E5-46815571B95B}"
EndProject
Global
	GlobalSection(SolutionConfigurationPlatforms) = preSolution
		Debug|Any CPU = Debug|Any CPU
		Release|Any CPU = Release|Any CPU
	EndGlobalSection
	GlobalSection(ProjectConfigurationPlatforms) = postSolution
		{F02B5FBB-B87E-40A1-B5E5-46815571B95B}.Debug|Any CPU.ActiveCfg = Debug|Any CPU
		{F02B5FBB-B87E-40A1-B5E5-46815571B95B}.Debug|Any CPU.Build.0 = Debug|Any CPU
		{F02B5FBB-B87E-40A1-B5E5-46815571B95B}.Release|Any CPU.ActiveCfg = Release|Any CPU
		{F02B5FBB-B87E-40A1-B5E5-46815571B95B}.Release|Any CPU.Build.0 = Release|Any CPU
	EndGlobalSection
	GlobalSection(SolutionProperties) = preSolution
		HideSolutionNode = FALSE
	EndGlobalSection
	GlobalSection(NestedProjects) = preSolution
		{F02B5FBB-B87E-40A1-B5E5-46815571B95B} = {8976E4A6-FF5F-44C5-AC57-FEDA249DD199}
	EndGlobalSection
	GlobalSection(ExtensibilityGlobals) = postSolution
		SolutionGuid = {5B29CA6B-7CCA-4E10-8788-C2902D49C5AE}
	EndGlobalSection
EndGlobal
